{
  "requires": true,
  "lockfileVersion": 1,
  "dependencies": {
    "@bit/boclips.dev-boclips-ui.components.badge": {
      "version": "1.0.11",
      "resolved": "https://node.bit.dev/boclips.dev-boclips-ui.components.badge/-/boclips.dev-boclips-ui.components.badge-1.0.11.tgz",
      "integrity": "sha1-SypChMgxJW7S1gtyOC9OGv7ZIn0=",
      "requires": {
        "@bit/boclips.dev-boclips-ui.styles.styles": "1.0.3"
      }
    },
    "@bit/boclips.dev-boclips-ui.styles.styles": {
      "version": "1.0.3",
      "resolved": "https://node.bit.dev/boclips.dev-boclips-ui.styles.styles/-/boclips.dev-boclips-ui.styles.styles-1.0.3.tgz",
      "integrity": "sha1-F5m11PhQrs3uSzL6aH5ejji+TdU="
    }
  }
}
