{
  "name": "@bit/boclips.dev-boclips-ui.components.video-card",
  "version": "1.0.23",
  "lockfileVersion": 1,
  "requires": true,
  "dependencies": {
    "@babel/runtime": {
      "version": "7.11.2",
      "resolved": "https://registry.npmjs.org/@babel/runtime/-/runtime-7.11.2.tgz",
      "integrity": "sha512-TeWkU52so0mPtDcaCTxNBI/IHiz0pZgr8VEFqXFtZWpYD08ZB6FaSwVAS8MKRQAP3bYKiVjwysOJgMFY28o6Tw==",
      "requires": {
        "regenerator-runtime": "^0.13.4"
      }
    },
    "@babel/runtime-corejs3": {
      "version": "7.11.2",
      "resolved": "https://registry.npmjs.org/@babel/runtime-corejs3/-/runtime-corejs3-7.11.2.tgz",
      "integrity": "sha512-qh5IR+8VgFz83VBa6OkaET6uN/mJOhHONuy3m1sgF0CV6mXdPSEBdA7e1eUbVvyNtANjMbg22JUv71BaDXLY6A==",
      "requires": {
        "core-js-pure": "^3.0.0",
        "regenerator-runtime": "^0.13.4"
      }
    },
    "@bit/boclips.dev-boclips-ui.components.age-range-badge": {
      "version": "file:../age-range-badge",
      "requires": {
        "@bit/boclips.dev-boclips-ui.components.badge": "file:../badge",
        "@bit/boclips.dev-boclips-ui.types.age-range": "1.0.0"
      },
      "dependencies": {
        "@bit/boclips.dev-boclips-ui.components.badge": {
          "version": "file:../badge",
          "requires": {
            "@bit/boclips.dev-boclips-ui.styles.styles": "1.0.3"
          },
          "dependencies": {
            "@bit/boclips.dev-boclips-ui.styles.styles": {
              "version": "1.0.3",
              "resolved": "https://node.bit.dev/boclips.dev-boclips-ui.styles.styles/-/boclips.dev-boclips-ui.styles.styles-1.0.3.tgz",
              "integrity": "sha1-F5m11PhQrs3uSzL6aH5ejji+TdU="
            }
          }
        },
        "@bit/boclips.dev-boclips-ui.types.age-range": {
          "version": "1.0.0",
          "resolved": "https://node.bit.dev/boclips.dev-boclips-ui.types.age-range/-/boclips.dev-boclips-ui.types.age-range-1.0.0.tgz",
          "integrity": "sha1-ogfateq/nIevb0sAeq6KTEBxppM="
        }
      }
    },
    "@bit/boclips.dev-boclips-ui.components.attachment-badge": {
      "version": "file:../attachment-badge",
      "requires": {
        "@bit/boclips.dev-boclips-ui.components.badge": "file:../badge"
      },
      "dependencies": {
        "@bit/boclips.dev-boclips-ui.components.badge": {
          "version": "file:../badge",
          "requires": {
            "@bit/boclips.dev-boclips-ui.styles.styles": "1.0.3"
          },
          "dependencies": {
            "@bit/boclips.dev-boclips-ui.styles.styles": {
              "version": "1.0.3",
              "resolved": "https://node.bit.dev/boclips.dev-boclips-ui.styles.styles/-/boclips.dev-boclips-ui.styles.styles-1.0.3.tgz",
              "integrity": "sha1-F5m11PhQrs3uSzL6aH5ejji+TdU="
            }
          }
        }
      }
    },
    "@bit/boclips.dev-boclips-ui.components.best-for-badge": {
      "version": "file:../best-for-badge",
      "requires": {
        "@bit/boclips.dev-boclips-ui.components.badge": "file:../badge"
      },
      "dependencies": {
        "@bit/boclips.dev-boclips-ui.components.badge": {
          "version": "file:../badge",
          "requires": {
            "@bit/boclips.dev-boclips-ui.styles.styles": "1.0.3"
          },
          "dependencies": {
            "@bit/boclips.dev-boclips-ui.styles.styles": {
              "version": "1.0.3",
              "resolved": "https://node.bit.dev/boclips.dev-boclips-ui.styles.styles/-/boclips.dev-boclips-ui.styles.styles-1.0.3.tgz",
              "integrity": "sha1-F5m11PhQrs3uSzL6aH5ejji+TdU="
            }
          }
        }
      }
    },
    "@bit/boclips.dev-boclips-ui.components.duration": {
      "version": "file:../duration",
      "requires": {
        "@bit/boclips.dev-boclips-ui.styles.styles": "1.0.3"
      },
      "dependencies": {
        "@bit/boclips.dev-boclips-ui.styles.styles": {
          "version": "1.0.3",
          "resolved": "https://node.bit.dev/boclips.dev-boclips-ui.styles.styles/-/boclips.dev-boclips-ui.styles.styles-1.0.3.tgz",
          "integrity": "sha1-F5m11PhQrs3uSzL6aH5ejji+TdU="
        }
      }
    },
    "@bit/boclips.dev-boclips-ui.components.released-on": {
      "version": "file:../released-on",
      "requires": {
        "@bit/boclips.dev-boclips-ui.styles.styles": "1.0.3"
      },
      "dependencies": {
        "@bit/boclips.dev-boclips-ui.styles.styles": {
          "version": "1.0.3",
          "resolved": "https://node.bit.dev/boclips.dev-boclips-ui.styles.styles/-/boclips.dev-boclips-ui.styles.styles-1.0.3.tgz",
          "integrity": "sha1-F5m11PhQrs3uSzL6aH5ejji+TdU="
        }
      }
    },
    "@bit/boclips.dev-boclips-ui.components.subject-badge": {
      "version": "file:../subject-badge",
      "requires": {
        "@bit/boclips.dev-boclips-ui.components.badge": "file:../badge"
      },
      "dependencies": {
        "@bit/boclips.dev-boclips-ui.components.badge": {
          "version": "file:../badge",
          "requires": {
            "@bit/boclips.dev-boclips-ui.styles.styles": "1.0.3"
          },
          "dependencies": {
            "@bit/boclips.dev-boclips-ui.styles.styles": {
              "version": "1.0.3",
              "resolved": "https://node.bit.dev/boclips.dev-boclips-ui.styles.styles/-/boclips.dev-boclips-ui.styles.styles-1.0.3.tgz",
              "integrity": "sha1-F5m11PhQrs3uSzL6aH5ejji+TdU="
            }
          }
        }
      }
    },
    "@bit/boclips.dev-boclips-ui.hooks.use-media-break-points": {
      "version": "1.0.1",
      "resolved": "https://node.bit.dev/boclips.dev-boclips-ui.hooks.use-media-break-points/-/boclips.dev-boclips-ui.hooks.use-media-break-points-1.0.1.tgz",
      "integrity": "sha1-K9nOkFVyRKp7xet9NLDe0YZU1Wo=",
      "requires": {
        "@bit/boclips.dev-boclips-ui.types.media-break-points": "1.0.0"
      }
    },
    "@bit/boclips.dev-boclips-ui.styles.styles": {
      "version": "1.0.3",
      "resolved": "https://node.bit.dev/boclips.dev-boclips-ui.styles.styles/-/boclips.dev-boclips-ui.styles.styles-1.0.3.tgz",
      "integrity": "sha1-F5m11PhQrs3uSzL6aH5ejji+TdU="
    },
    "@bit/boclips.dev-boclips-ui.types.age-range": {
      "version": "1.0.0",
      "resolved": "https://node.bit.dev/boclips.dev-boclips-ui.types.age-range/-/boclips.dev-boclips-ui.types.age-range-1.0.0.tgz",
      "integrity": "sha1-ogfateq/nIevb0sAeq6KTEBxppM="
    },
    "@bit/boclips.dev-boclips-ui.types.link": {
      "version": "1.0.2",
      "resolved": "https://node.bit.dev/boclips.dev-boclips-ui.types.link/-/boclips.dev-boclips-ui.types.link-1.0.2.tgz",
      "integrity": "sha1-lqIwWENoFKsf89M8aMl5s4Ub7f0="
    },
    "@bit/boclips.dev-boclips-ui.types.media-break-points": {
      "version": "1.0.0",
      "resolved": "https://node.bit.dev/boclips.dev-boclips-ui.types.media-break-points/-/boclips.dev-boclips-ui.types.media-break-points-1.0.0.tgz",
      "integrity": "sha1-uYbblYHNoG3Y81UosWHvgU+KcA4="
    },
    "@bit/boclips.dev-boclips-ui.types.video": {
      "version": "1.0.4",
      "resolved": "https://node.bit.dev/boclips.dev-boclips-ui.types.video/-/boclips.dev-boclips-ui.types.video-1.0.4.tgz",
      "integrity": "sha1-hMdqkMGvEsLiwf/I9EpBOg0+/HQ=",
      "requires": {
        "@bit/boclips.dev-boclips-ui.types.age-range": "1.0.0",
        "@bit/boclips.dev-boclips-ui.types.link": "1.0.2"
      }
    },
    "@jest/types": {
      "version": "25.5.0",
      "resolved": "https://registry.npmjs.org/@jest/types/-/types-25.5.0.tgz",
      "integrity": "sha512-OXD0RgQ86Tu3MazKo8bnrkDRaDXXMGUqd+kTtLtK1Zb7CRzQcaSRPPPV37SvYTdevXEBVxe0HXylEjs8ibkmCw==",
      "requires": {
        "@types/istanbul-lib-coverage": "^2.0.0",
        "@types/istanbul-reports": "^1.1.1",
        "@types/yargs": "^15.0.0",
        "chalk": "^3.0.0"
      }
    },
    "@testing-library/dom": {
      "version": "7.22.0",
      "resolved": "https://registry.npmjs.org/@testing-library/dom/-/dom-7.22.0.tgz",
      "integrity": "sha512-soXVCM/F2WxMidqGlZsSvTkmLsmi72q5N2IrB7o1aTFpMCfEL+Kl0kzv+2Lk/dLxny/c7CWUDa+yjve5VEsjMg==",
      "requires": {
        "@babel/runtime": "^7.10.3",
        "@types/aria-query": "^4.2.0",
        "aria-query": "^4.2.2",
        "dom-accessibility-api": "^0.4.6",
        "pretty-format": "^25.5.0"
      }
    },
    "@testing-library/react": {
      "version": "10.4.5",
      "resolved": "https://registry.npmjs.org/@testing-library/react/-/react-10.4.5.tgz",
      "integrity": "sha512-M5A0W4VphBiEm4vgnq7vHC+/e4Bp/3iIOAWap1FtIiA+Zom6BtXpY3RSTOqc8bZsCcu9gFBZ/lxaiMW6uJddWg==",
      "requires": {
        "@babel/runtime": "^7.10.3",
        "@testing-library/dom": "^7.17.1",
        "semver": "^7.3.2"
      }
    },
    "@types/aria-query": {
      "version": "4.2.0",
      "resolved": "https://registry.npmjs.org/@types/aria-query/-/aria-query-4.2.0.tgz",
      "integrity": "sha512-iIgQNzCm0v7QMhhe4Jjn9uRh+I6GoPmt03CbEtwx3ao8/EfoQcmgtqH4vQ5Db/lxiIGaWDv6nwvunuh0RyX0+A=="
    },
    "@types/color-name": {
      "version": "1.1.1",
      "resolved": "https://registry.npmjs.org/@types/color-name/-/color-name-1.1.1.tgz",
      "integrity": "sha512-rr+OQyAjxze7GgWrSaJwydHStIhHq2lvY3BOC2Mj7KnzI7XK0Uw1TOOdI9lDoajEbSWLiYgoo4f1R51erQfhPQ=="
    },
    "@types/istanbul-lib-coverage": {
      "version": "2.0.3",
      "resolved": "https://registry.npmjs.org/@types/istanbul-lib-coverage/-/istanbul-lib-coverage-2.0.3.tgz",
      "integrity": "sha512-sz7iLqvVUg1gIedBOvlkxPlc8/uVzyS5OwGz1cKjXzkl3FpL3al0crU8YGU1WoHkxn0Wxbw5tyi6hvzJKNzFsw=="
    },
    "@types/istanbul-lib-report": {
      "version": "3.0.0",
      "resolved": "https://registry.npmjs.org/@types/istanbul-lib-report/-/istanbul-lib-report-3.0.0.tgz",
      "integrity": "sha512-plGgXAPfVKFoYfa9NpYDAkseG+g6Jr294RqeqcqDixSbU34MZVJRi/P+7Y8GDpzkEwLaGZZOpKIEmeVZNtKsrg==",
      "requires": {
        "@types/istanbul-lib-coverage": "*"
      }
    },
    "@types/istanbul-reports": {
      "version": "1.1.2",
      "resolved": "https://registry.npmjs.org/@types/istanbul-reports/-/istanbul-reports-1.1.2.tgz",
      "integrity": "sha512-P/W9yOX/3oPZSpaYOCQzGqgCQRXn0FFO/V8bWrCQs+wLmvVVxk6CRBXALEvNs9OHIatlnlFokfhuDo2ug01ciw==",
      "requires": {
        "@types/istanbul-lib-coverage": "*",
        "@types/istanbul-lib-report": "*"
      }
    },
    "@types/yargs": {
      "version": "15.0.5",
      "resolved": "https://registry.npmjs.org/@types/yargs/-/yargs-15.0.5.tgz",
      "integrity": "sha512-Dk/IDOPtOgubt/IaevIUbTgV7doaKkoorvOyYM2CMwuDyP89bekI7H4xLIwunNYiK9jhCkmc6pUrJk3cj2AB9w==",
      "requires": {
        "@types/yargs-parser": "*"
      }
    },
    "@types/yargs-parser": {
      "version": "15.0.0",
      "resolved": "https://registry.npmjs.org/@types/yargs-parser/-/yargs-parser-15.0.0.tgz",
      "integrity": "sha512-FA/BWv8t8ZWJ+gEOnLLd8ygxH/2UFbAvgEonyfN6yWGLKc7zVjbpl2Y4CTjid9h2RfgPP6SEt6uHwEOply00yw=="
    },
    "ansi-regex": {
      "version": "5.0.0",
      "resolved": "https://registry.npmjs.org/ansi-regex/-/ansi-regex-5.0.0.tgz",
      "integrity": "sha512-bY6fj56OUQ0hU1KjFNDQuJFezqKdrAyFdIevADiqrWHwSlbmBNMHp5ak2f40Pm8JTFyM2mqxkG6ngkHO11f/lg=="
    },
    "ansi-styles": {
      "version": "4.2.1",
      "resolved": "https://registry.npmjs.org/ansi-styles/-/ansi-styles-4.2.1.tgz",
      "integrity": "sha512-9VGjrMsG1vePxcSweQsN20KY/c4zN0h9fLjqAbwbPfahM3t+NL+M9HC8xeXG2I8pX5NoamTGNuomEUFI7fcUjA==",
      "requires": {
        "@types/color-name": "^1.1.1",
        "color-convert": "^2.0.1"
      }
    },
    "aria-query": {
      "version": "4.2.2",
      "resolved": "https://registry.npmjs.org/aria-query/-/aria-query-4.2.2.tgz",
      "integrity": "sha512-o/HelwhuKpTj/frsOsbNLNgnNGVIFsVP/SW2BSF14gVl7kAfMOJ6/8wUAUvG1R1NHKrfG+2sHZTu0yauT1qBrA==",
      "requires": {
        "@babel/runtime": "^7.10.2",
        "@babel/runtime-corejs3": "^7.10.2"
      }
    },
    "chalk": {
      "version": "3.0.0",
      "resolved": "https://registry.npmjs.org/chalk/-/chalk-3.0.0.tgz",
      "integrity": "sha512-4D3B6Wf41KOYRFdszmDqMCGq5VV/uMAB273JILmO+3jAlh8X4qDtdtgCR3fxtbLEMzSx22QdhnDcJvu2u1fVwg==",
      "requires": {
        "ansi-styles": "^4.1.0",
        "supports-color": "^7.1.0"
      }
    },
    "color-convert": {
      "version": "2.0.1",
      "resolved": "https://registry.npmjs.org/color-convert/-/color-convert-2.0.1.tgz",
      "integrity": "sha512-RRECPsj7iu/xb5oKYcsFHSppFNnsj/52OVTRKb4zP5onXwVF3zVmmToNcOfGC+CRDpfK/U584fMg38ZHCaElKQ==",
      "requires": {
        "color-name": "~1.1.4"
      }
    },
    "color-name": {
      "version": "1.1.4",
      "resolved": "https://registry.npmjs.org/color-name/-/color-name-1.1.4.tgz",
      "integrity": "sha512-dOy+3AuW3a2wNbZHIuMZpTcgjGuLU/uBL/ubcZF9OXbDo8ff4O8yVp5Bf0efS8uEoYo5q4Fx7dY9OgQGXgAsQA=="
    },
    "core-js-pure": {
      "version": "3.6.5",
      "resolved": "https://registry.npmjs.org/core-js-pure/-/core-js-pure-3.6.5.tgz",
      "integrity": "sha512-lacdXOimsiD0QyNf9BC/mxivNJ/ybBGJXQFKzRekp1WTHoVUWsUHEn+2T8GJAzzIhyOuXA+gOxCVN3l+5PLPUA=="
    },
    "dom-accessibility-api": {
      "version": "0.4.7",
      "resolved": "https://registry.npmjs.org/dom-accessibility-api/-/dom-accessibility-api-0.4.7.tgz",
      "integrity": "sha512-5+GzhTpCQYHz4NjL8loYTDVBnXIjNLBadWQBKxXk+osFEplLt3EsSYBu2YZcdZ8QqrvCHgW6TSMGMbmgfhrn2g=="
    },
    "has-flag": {
      "version": "4.0.0",
      "resolved": "https://registry.npmjs.org/has-flag/-/has-flag-4.0.0.tgz",
      "integrity": "sha512-EykJT/Q1KjTWctppgIAgfSO0tKVuZUjhgMr17kqTumMl6Afv3EISleU7qZUzoXDFTAHTDC4NOoG/ZxU3EvlMPQ=="
    },
    "pretty-format": {
      "version": "25.5.0",
      "resolved": "https://registry.npmjs.org/pretty-format/-/pretty-format-25.5.0.tgz",
      "integrity": "sha512-kbo/kq2LQ/A/is0PQwsEHM7Ca6//bGPPvU6UnsdDRSKTWxT/ru/xb88v4BJf6a69H+uTytOEsTusT9ksd/1iWQ==",
      "requires": {
        "@jest/types": "^25.5.0",
        "ansi-regex": "^5.0.0",
        "ansi-styles": "^4.0.0",
        "react-is": "^16.12.0"
      }
    },
    "react-is": {
      "version": "16.13.1",
      "resolved": "https://registry.npmjs.org/react-is/-/react-is-16.13.1.tgz",
      "integrity": "sha512-24e6ynE2H+OKt4kqsOvNd8kBpV65zoxbA4BVsEOB3ARVWQki/DHzaUoC5KuON/BiccDaCCTZBuOcfZs70kR8bQ=="
    },
    "regenerator-runtime": {
      "version": "0.13.7",
      "resolved": "https://registry.npmjs.org/regenerator-runtime/-/regenerator-runtime-0.13.7.tgz",
      "integrity": "sha512-a54FxoJDIr27pgf7IgeQGxmqUNYrcV338lf/6gH456HZ/PhX+5BcwHXG9ajESmwe6WRO0tAzRUrRmNONWgkrew=="
    },
    "semver": {
      "version": "7.3.2",
      "resolved": "https://registry.npmjs.org/semver/-/semver-7.3.2.tgz",
      "integrity": "sha512-OrOb32TeeambH6UrhtShmF7CRDqhL6/5XpPNp2DuRH6+9QLw/orhp72j87v8Qa1ScDkvrrBNpZcDejAirJmfXQ=="
    },
    "supports-color": {
      "version": "7.1.0",
      "resolved": "https://registry.npmjs.org/supports-color/-/supports-color-7.1.0.tgz",
      "integrity": "sha512-oRSIpR8pxT1Wr2FquTNnGet79b3BWljqOuoW/h4oBhxJ/HUbX5nX6JSruTkvXDCFMwDPvsaTTbvMLKZWSy0R5g==",
      "requires": {
        "has-flag": "^4.0.0"
      }
    }
  }
}
