{
  "name": "@bit/boclips.dev-boclips-ui.components.duration",
  "version": "1.0.5",
  "lockfileVersion": 1,
  "requires": true,
  "dependencies": {
    "@bit/boclips.dev-boclips-ui.styles.styles": {
      "version": "1.0.3",
      "resolved": "https://node.bit.dev/boclips.dev-boclips-ui.styles.styles/-/boclips.dev-boclips-ui.styles.styles-1.0.3.tgz",
      "integrity": "sha1-F5m11PhQrs3uSzL6aH5ejji+TdU="
    }
  }
}
